Microsoft Visual Studio Solution File, Format Version 12.00
# Visual Studio Version 17
VisualStudioVersion = 17.5.2.0
MinimumVisualStudioVersion = 10.0.40219.1
Project("{FAE04EC0-301F-11D3-BF4B-00C04F79EFBC}") = "SolutionOrders.API", "SolutionOrders.API\SolutionOrders.API.csproj", "{908CC00C-213B-1D5D-B155-F9FCAF9DBC41}"
EndProject
Global
	GlobalSection(SolutionConfigurationPlatforms) = preSolution
		Debug|Any CPU = Debug|Any CPU
		Release|Any CPU = Release|Any CPU
	EndGlobalSection
	GlobalSection(ProjectConfigurationPlatforms) = postSolution
		{908CC00C-213B-1D5D-B155-F9FCAF9DBC41}.Debug|Any CPU.ActiveCfg = Debug|Any CPU
		{908CC00C-213B-1D5D-B155-F9FCAF9DBC41}.Debug|Any CPU.Build.0 = Debug|Any CPU
		{908CC00C-213B-1D5D-B155-F9FCAF9DBC41}.Release|Any CPU.ActiveCfg = Release|Any CPU
		{908CC00C-213B-1D5D-B155-F9FCAF9DBC41}.Release|Any CPU.Build.0 = Release|Any CPU
	EndGlobalSection
	GlobalSection(SolutionProperties) = preSolution
		HideSolutionNode = FALSE
	EndGlobalSection
	GlobalSection(ExtensibilityGlobals) = postSolution
		SolutionGuid = {AF27BC92-6126-445D-B15D-3035212666D2}
	EndGlobalSection
EndGlobal
